
Microsoft Visual Studio Solution File, Format Version 12.00
# Visual Studio 15
VisualStudioVersion = 15.0.28010.2019
MinimumVisualStudioVersion = 10.0.40219.1
Project("{FAE04EC0-301F-11D3-BF4B-00C04F79EFBC}") = "Website", "Website\Website.csproj", "{525051A8-C2B1-4A8C-96CE-06BB283C29FF}"
EndProject
Global
	GlobalSection(SolutionConfigurationPlatforms) = preSolution
		Debug|Any CPU = Debug|Any CPU
		Release|Any CPU = Release|Any CPU
	EndGlobalSection
	GlobalSection(ProjectConfigurationPlatforms) = postSolution
		{525051A8-C2B1-4A8C-96CE-06BB283C29FF}.Debug|Any CPU.ActiveCfg = Debug|Any CPU
		{525051A8-C2B1-4A8C-96CE-06BB283C29FF}.Debug|Any CPU.Build.0 = Debug|Any CPU
		{525051A8-C2B1-4A8C-96CE-06BB283C29FF}.Release|Any CPU.ActiveCfg = Release|Any CPU
		{525051A8-C2B1-4A8C-96CE-06BB283C29FF}.Release|Any CPU.Build.0 = Release|Any CPU
	EndGlobalSection
	GlobalSection(SolutionProperties) = preSolution
		HideSolutionNode = FALSE
	EndGlobalSection
	GlobalSection(ExtensibilityGlobals) = postSolution
		SolutionGuid = {7A229DE2-28D7-4123-B06C-2EDA165D879F}
	EndGlobalSection
EndGlobal
